
Microsoft Visual Studio Solution File, Format Version 12.00
# Visual Studio 2013
VisualStudioVersion = 12.0.31101.0
MinimumVisualStudioVersion = 10.0.40219.1
Project("{FAE04EC0-301F-11D3-BF4B-00C04F79EFBC}") = "SteamFriendsManager", "SteamFriendsManager\SteamFriendsManager.csproj", "{FE73643C-D217-4DE7-BABA-8EB9E1FC8307}"
EndProject
Project("{2150E333-8FDC-42A3-9474-1A3956D46DE8}") = "Solution Items", "Solution Items", "{95D9A2FD-C649-488B-B77A-594535970B05}"
	ProjectSection(SolutionItems) = preProject
		Logo.psd = Logo.psd
		README.md = README.md
	EndProjectSection
EndProject
Global
	GlobalSection(SolutionConfigurationPlatforms) = preSolution
		Debug|Any CPU = Debug|Any CPU
		Release|Any CPU = Release|Any CPU
	EndGlobalSection
	GlobalSection(ProjectConfigurationPlatforms) = postSolution
		{FE73643C-D217-4DE7-BABA-8EB9E1FC8307}.Debug|Any CPU.ActiveCfg = Debug|Any CPU
		{FE73643C-D217-4DE7-BABA-8EB9E1FC8307}.Debug|Any CPU.Build.0 = Debug|Any CPU
		{FE73643C-D217-4DE7-BABA-8EB9E1FC8307}.Release|Any CPU.ActiveCfg = Release|Any CPU
		{FE73643C-D217-4DE7-BABA-8EB9E1FC8307}.Release|Any CPU.Build.0 = Release|Any CPU
	EndGlobalSection
	GlobalSection(SolutionProperties) = preSolution
		HideSolutionNode = FALSE
	EndGlobalSection
EndGlobal
